
Microsoft Visual Studio Solution File, Format Version 12.00
# Visual Studio Version 17
VisualStudioVersion = 17.11.35222.181
MinimumVisualStudioVersion = 10.0.40219.1
Project("{FAE04EC0-301F-11D3-BF4B-00C04F79EFBC}") = "ViteCent.Gateway.Api", "src\ViteCent.Gateway.Api\ViteCent.Gateway.Api.csproj", "{1840CD27-5032-A3AA-E388-E8E588EF4EAE}"
EndProject
Global
	GlobalSection(SolutionConfigurationPlatforms) = preSolution
		Debug|Any CPU = Debug|Any CPU
		Release|Any CPU = Release|Any CPU
	EndGlobalSection
	GlobalSection(ProjectConfigurationPlatforms) = postSolution
		{1840CD27-5032-A3AA-E388-E8E588EF4EAE}.Debug|Any CPU.ActiveCfg = Debug|Any CPU
		{1840CD27-5032-A3AA-E388-E8E588EF4EAE}.Debug|Any CPU.Build.0 = Debug|Any CPU
		{1840CD27-5032-A3AA-E388-E8E588EF4EAE}.Release|Any CPU.ActiveCfg = Release|Any CPU
		{1840CD27-5032-A3AA-E388-E8E588EF4EAE}.Release|Any CPU.Build.0 = Release|Any CPU
	EndGlobalSection
	GlobalSection(SolutionProperties) = preSolution
		HideSolutionNode = FALSE
	EndGlobalSection
	GlobalSection(ExtensibilityGlobals) = postSolution
		SolutionGuid = {6B275C1A-10DA-4B8D-9F86-5F20E89E9F3E}
	EndGlobalSection
EndGlobal
